
Microsoft Visual Studio Solution File, Format Version 12.00
# Visual Studio Version 17
VisualStudioVersion = 17.0.31903.59
MinimumVisualStudioVersion = 10.0.40219.1
Project("{2150E333-8FDC-42A3-9474-1A3956D46DE8}") = "src", "src", "{827E0CD3-B72D-47B6-A68D-7590B98EB39B}"
EndProject
Project("{FAE04EC0-301F-11D3-BF4B-00C04F79EFBC}") = "DistributedResilience.Core", "src\DistributedResilience.Core\DistributedResilience.Core.csproj", "{C2130F97-E9A8-42CB-86FA-A8D111943AB2}"
EndProject
Project("{FAE04EC0-301F-11D3-BF4B-00C04F79EFBC}") = "DistributedResilience.Http", "src\DistributedResilience.Http\DistributedResilience.Http.csproj", "{86CA19FB-A437-4634-9C24-9467F8E62CFB}"
EndProject
Project("{2150E333-8FDC-42A3-9474-1A3956D46DE8}") = "samples", "samples", "{5D20AA90-6969-D8BD-9DCD-8634F4692FDA}"
EndProject
Project("{FAE04EC0-301F-11D3-BF4B-00C04F79EFBC}") = "ServiceA", "samples\ServiceA\ServiceA.csproj", "{87D22E35-0731-450B-9C20-F8E73603E186}"
EndProject
Project("{FAE04EC0-301F-11D3-BF4B-00C04F79EFBC}") = "ServiceB", "samples\ServiceB\ServiceB.csproj", "{BEC72125-4C48-4EE6-AC32-444817BE2339}"
EndProject
Project("{FAE04EC0-301F-11D3-BF4B-00C04F79EFBC}") = "ServiceC", "samples\ServiceC\ServiceC.csproj", "{FC116FBD-E563-4BD8-A0D7-D737A8FC8997}"
EndProject
Project("{2150E333-8FDC-42A3-9474-1A3956D46DE8}") = "tests", "tests", "{0AB3BF05-4346-4AA6-1389-037BE0695223}"
EndProject
Project("{FAE04EC0-301F-11D3-BF4B-00C04F79EFBC}") = "DistributedResilience.Core.Tests", "tests\DistributedResilience.Core.Tests\DistributedResilience.Core.Tests.csproj", "{52C67447-AADA-445F-981D-C3241D4BDA7F}"
EndProject
Project("{FAE04EC0-301F-11D3-BF4B-00C04F79EFBC}") = "DistributedResilience.IntegrationTests", "tests\DistributedResilience.IntegrationTests\DistributedResilience.IntegrationTests.csproj", "{60322647-5877-427A-B4F6-0E3E21961730}"
EndProject
Global
	GlobalSection(SolutionConfigurationPlatforms) = preSolution
		Debug|Any CPU = Debug|Any CPU
		Debug|x64 = Debug|x64
		Debug|x86 = Debug|x86
		Release|Any CPU = Release|Any CPU
		Release|x64 = Release|x64
		Release|x86 = Release|x86
	EndGlobalSection
	GlobalSection(ProjectConfigurationPlatforms) = postSolution
		{C2130F97-E9A8-42CB-86FA-A8D111943AB2}.Debug|Any CPU.ActiveCfg = Debug|Any CPU
		{C2130F97-E9A8-42CB-86FA-A8D111943AB2}.Debug|Any CPU.Build.0 = Debug|Any CPU
		{C2130F97-E9A8-42CB-86FA-A8D111943AB2}.Debug|x64.ActiveCfg = Debug|Any CPU
		{C2130F97-E9A8-42CB-86FA-A8D111943AB2}.Debug|x64.Build.0 = Debug|Any CPU
		{C2130F97-E9A8-42CB-86FA-A8D111943AB2}.Debug|x86.ActiveCfg = Debug|Any CPU
		{C2130F97-E9A8-42CB-86FA-A8D111943AB2}.Debug|x86.Build.0 = Debug|Any CPU
		{C2130F97-E9A8-42CB-86FA-A8D111943AB2}.Release|Any CPU.ActiveCfg = Release|Any CPU
		{C2130F97-E9A8-42CB-86FA-A8D111943AB2}.Release|Any CPU.Build.0 = Release|Any CPU
		{C2130F97-E9A8-42CB-86FA-A8D111943AB2}.Release|x64.ActiveCfg = Release|Any CPU
		{C2130F97-E9A8-42CB-86FA-A8D111943AB2}.Release|x64.Build.0 = Release|Any CPU
		{C2130F97-E9A8-42CB-86FA-A8D111943AB2}.Release|x86.ActiveCfg = Release|Any CPU
		{C2130F97-E9A8-42CB-86FA-A8D111943AB2}.Release|x86.Build.0 = Release|Any CPU
		{86CA19FB-A437-4634-9C24-9467F8E62CFB}.Debug|Any CPU.ActiveCfg = Debug|Any CPU
		{86CA19FB-A437-4634-9C24-9467F8E62CFB}.Debug|Any CPU.Build.0 = Debug|Any CPU
		{86CA19FB-A437-4634-9C24-9467F8E62CFB}.Debug|x64.ActiveCfg = Debug|Any CPU
		{86CA19FB-A437-4634-9C24-9467F8E62CFB}.Debug|x64.Build.0 = Debug|Any CPU
		{86CA19FB-A437-4634-9C24-9467F8E62CFB}.Debug|x86.ActiveCfg = Debug|Any CPU
		{86CA19FB-A437-4634-9C24-9467F8E62CFB}.Debug|x86.Build.0 = Debug|Any CPU
		{86CA19FB-A437-4634-9C24-9467F8E62CFB}.Release|Any CPU.ActiveCfg = Release|Any CPU
		{86CA19FB-A437-4634-9C24-9467F8E62CFB}.Release|Any CPU.Build.0 = Release|Any CPU
		{86CA19FB-A437-4634-9C24-9467F8E62CFB}.Release|x64.ActiveCfg = Release|Any CPU
		{86CA19FB-A437-4634-9C24-9467F8E62CFB}.Release|x64.Build.0 = Release|Any CPU
		{86CA19FB-A437-4634-9C24-9467F8E62CFB}.Release|x86.ActiveCfg = Release|Any CPU
		{86CA19FB-A437-4634-9C24-9467F8E62CFB}.Release|x86.Build.0 = Release|Any CPU
		{87D22E35-0731-450B-9C20-F8E73603E186}.Debug|Any CPU.ActiveCfg = Debug|Any CPU
		{87D22E35-0731-450B-9C20-F8E73603E186}.Debug|Any CPU.Build.0 = Debug|Any CPU
		{87D22E35-0731-450B-9C20-F8E73603E186}.Debug|x64.ActiveCfg = Debug|Any CPU
		{87D22E35-0731-450B-9C20-F8E73603E186}.Debug|x64.Build.0 = Debug|Any CPU
		{87D22E35-0731-450B-9C20-F8E73603E186}.Debug|x86.ActiveCfg = Debug|Any CPU
		{87D22E35-0731-450B-9C20-F8E73603E186}.Debug|x86.Build.0 = Debug|Any CPU
		{87D22E35-0731-450B-9C20-F8E73603E186}.Release|Any CPU.ActiveCfg = Release|Any CPU
		{87D22E35-0731-450B-9C20-F8E73603E186}.Release|Any CPU.Build.0 = Release|Any CPU
		{87D22E35-0731-450B-9C20-F8E73603E186}.Release|x64.ActiveCfg = Release|Any CPU
		{87D22E35-0731-450B-9C20-F8E73603E186}.Release|x64.Build.0 = Release|Any CPU
		{87D22E35-0731-450B-9C20-F8E73603E186}.Release|x86.ActiveCfg = Release|Any CPU
		{87D22E35-0731-450B-9C20-F8E73603E186}.Release|x86.Build.0 = Release|Any CPU
		{BEC72125-4C48-4EE6-AC32-444817BE2339}.Debug|Any CPU.ActiveCfg = Debug|Any CPU
		{BEC72125-4C48-4EE6-AC32-444817BE2339}.Debug|Any CPU.Build.0 = Debug|Any CPU
		{BEC72125-4C48-4EE6-AC32-444817BE2339}.Debug|x64.ActiveCfg = Debug|Any CPU
		{BEC72125-4C48-4EE6-AC32-444817BE2339}.Debug|x64.Build.0 = Debug|Any CPU
		{BEC72125-4C48-4EE6-AC32-444817BE2339}.Debug|x86.ActiveCfg = Debug|Any CPU
		{BEC72125-4C48-4EE6-AC32-444817BE2339}.Debug|x86.Build.0 = Debug|Any CPU
		{BEC72125-4C48-4EE6-AC32-444817BE2339}.Release|Any CPU.ActiveCfg = Release|Any CPU
		{BEC72125-4C48-4EE6-AC32-444817BE2339}.Release|Any CPU.Build.0 = Release|Any CPU
		{BEC72125-4C48-4EE6-AC32-444817BE2339}.Release|x64.ActiveCfg = Release|Any CPU
		{BEC72125-4C48-4EE6-AC32-444817BE2339}.Release|x64.Build.0 = Release|Any CPU
		{BEC72125-4C48-4EE6-AC32-444817BE2339}.Release|x86.ActiveCfg = Release|Any CPU
		{BEC72125-4C48-4EE6-AC32-444817BE2339}.Release|x86.Build.0 = Release|Any CPU
		{FC116FBD-E563-4BD8-A0D7-D737A8FC8997}.Debug|Any CPU.ActiveCfg = Debug|Any CPU
		{FC116FBD-E563-4BD8-A0D7-D737A8FC8997}.Debug|Any CPU.Build.0 = Debug|Any CPU
		{FC116FBD-E563-4BD8-A0D7-D737A8FC8997}.Debug|x64.ActiveCfg = Debug|Any CPU
		{FC116FBD-E563-4BD8-A0D7-D737A8FC8997}.Debug|x64.Build.0 = Debug|Any CPU
		{FC116FBD-E563-4BD8-A0D7-D737A8FC8997}.Debug|x86.ActiveCfg = Debug|Any CPU
		{FC116FBD-E563-4BD8-A0D7-D737A8FC8997}.Debug|x86.Build.0 = Debug|Any CPU
		{FC116FBD-E563-4BD8-A0D7-D737A8FC8997}.Release|Any CPU.ActiveCfg = Release|Any CPU
		{FC116FBD-E563-4BD8-A0D7-D737A8FC8997}.Release|Any CPU.Build.0 = Release|Any CPU
		{FC116FBD-E563-4BD8-A0D7-D737A8FC8997}.Release|x64.ActiveCfg = Release|Any CPU
		{FC116FBD-E563-4BD8-A0D7-D737A8FC8997}.Release|x64.Build.0 = Release|Any CPU
		{FC116FBD-E563-4BD8-A0D7-D737A8FC8997}.Release|x86.ActiveCfg = Release|Any CPU
		{FC116FBD-E563-4BD8-A0D7-D737A8FC8997}.Release|x86.Build.0 = Release|Any CPU
		{52C67447-AADA-445F-981D-C3241D4BDA7F}.Debug|Any CPU.ActiveCfg = Debug|Any CPU
		{52C67447-AADA-445F-981D-C3241D4BDA7F}.Debug|Any CPU.Build.0 = Debug|Any CPU
		{52C67447-AADA-445F-981D-C3241D4BDA7F}.Debug|x64.ActiveCfg = Debug|Any CPU
		{52C67447-AADA-445F-981D-C3241D4BDA7F}.Debug|x64.Build.0 = Debug|Any CPU
		{52C67447-AADA-445F-981D-C3241D4BDA7F}.Debug|x86.ActiveCfg = Debug|Any CPU
		{52C67447-AADA-445F-981D-C3241D4BDA7F}.Debug|x86.Build.0 = Debug|Any CPU
		{52C67447-AADA-445F-981D-C3241D4BDA7F}.Release|Any CPU.ActiveCfg = Release|Any CPU
		{52C67447-AADA-445F-981D-C3241D4BDA7F}.Release|Any CPU.Build.0 = Release|Any CPU
		{52C67447-AADA-445F-981D-C3241D4BDA7F}.Release|x64.ActiveCfg = Release|Any CPU
		{52C67447-AADA-445F-981D-C3241D4BDA7F}.Release|x64.Build.0 = Release|Any CPU
		{52C67447-AADA-445F-981D-C3241D4BDA7F}.Release|x86.ActiveCfg = Release|Any CPU
		{52C67447-AADA-445F-981D-C3241D4BDA7F}.Release|x86.Build.0 = Release|Any CPU
		{60322647-5877-427A-B4F6-0E3E21961730}.Debug|Any CPU.ActiveCfg = Debug|Any CPU
		{60322647-5877-427A-B4F6-0E3E21961730}.Debug|Any CPU.Build.0 = Debug|Any CPU
		{60322647-5877-427A-B4F6-0E3E21961730}.Debug|x64.ActiveCfg = Debug|Any CPU
		{60322647-5877-427A-B4F6-0E3E21961730}.Debug|x64.Build.0 = Debug|Any CPU
		{60322647-5877-427A-B4F6-0E3E21961730}.Debug|x86.ActiveCfg = Debug|Any CPU
		{60322647-5877-427A-B4F6-0E3E21961730}.Debug|x86.Build.0 = Debug|Any CPU
		{60322647-5877-427A-B4F6-0E3E21961730}.Release|Any CPU.ActiveCfg = Release|Any CPU
		{60322647-5877-427A-B4F6-0E3E21961730}.Release|Any CPU.Build.0 = Release|Any CPU
		{60322647-5877-427A-B4F6-0E3E21961730}.Release|x64.ActiveCfg = Release|Any CPU
		{60322647-5877-427A-B4F6-0E3E21961730}.Release|x64.Build.0 = Release|Any CPU
		{60322647-5877-427A-B4F6-0E3E21961730}.Release|x86.ActiveCfg = Release|Any CPU
		{60322647-5877-427A-B4F6-0E3E21961730}.Release|x86.Build.0 = Release|Any CPU
	EndGlobalSection
	GlobalSection(SolutionProperties) = preSolution
		HideSolutionNode = FALSE
	EndGlobalSection
	GlobalSection(NestedProjects) = preSolution
		{C2130F97-E9A8-42CB-86FA-A8D111943AB2} = {827E0CD3-B72D-47B6-A68D-7590B98EB39B}
		{86CA19FB-A437-4634-9C24-9467F8E62CFB} = {827E0CD3-B72D-47B6-A68D-7590B98EB39B}
		{87D22E35-0731-450B-9C20-F8E73603E186} = {5D20AA90-6969-D8BD-9DCD-8634F4692FDA}
		{BEC72125-4C48-4EE6-AC32-444817BE2339} = {5D20AA90-6969-D8BD-9DCD-8634F4692FDA}
		{FC116FBD-E563-4BD8-A0D7-D737A8FC8997} = {5D20AA90-6969-D8BD-9DCD-8634F4692FDA}
		{52C67447-AADA-445F-981D-C3241D4BDA7F} = {0AB3BF05-4346-4AA6-1389-037BE0695223}
		{60322647-5877-427A-B4F6-0E3E21961730} = {0AB3BF05-4346-4AA6-1389-037BE0695223}
	EndGlobalSection
EndGlobal
